// !$*UTF8*$!
{
	archiveVersion = 1;
	classes = {
	};
	objectVersion = 46;
	objects = {

/* Begin PBXBuildFile section */
		E5DFF1B21980F99C006DF92F /* main.cpp in Sources */ = {isa = PBXBuildFile; fileRef = E5DFF1B11980F99C006DF92F /* main.cpp */; };
		E5DFF1B41980F99C006DF92F /* testGaleShapley_on_Xcode.1 in CopyFiles */ = {isa = PBXBuildFile; fileRef = E5DFF1B31980F99C006DF92F /* testGaleShapley_on_Xcode.1 */; };
/* End PBXBuildFile section */

/* Begin PBXCopyFilesBuildPhase section */
		E5DFF1AB1980F99C006DF92F /* CopyFiles */ = {
			isa = PBXCopyFilesBuildPhase;
			buildActionMask = 2147483647;
			dstPath = /usr/share/man/man1/;
			dstSubfolderSpec = 0;
			files = (
				E5DFF1B41980F99C006DF92F /* testGaleShapley_on_Xcode.1 in CopyFiles */,
			);
			runOnlyForDeploymentPostprocessing = 1;
		};
/* End PBXCopyFilesBuildPhase section */

/* Begin PBXFileReference section */
		E5DFF1AD1980F99C006DF92F /* testGaleShapley on Xcode */ = {isa = PBXFileReference; explicitFileType = "compiled.mach-o.executable"; includeInIndex = 0; path = "testGaleShapley on Xcode"; sourceTree = BUILT_PRODUCTS_DIR; };
		E5DFF1B11980F99C006DF92F /* main.cpp */ = {isa = PBXFileReference; lastKnownFileType = sourcecode.cpp.cpp; path = main.cpp; sourceTree = "<group>"; };
		E5DFF1B31980F99C006DF92F /* testGaleShapley_on_Xcode.1 */ = {isa = PBXFileReference; lastKnownFileType = text.man; path = testGaleShapley_on_Xcode.1; sourceTree = "<group>"; };
/* End PBXFileReference section */

/* Begin PBXFrameworksBuildPhase section */
		E5DFF1AA1980F99C006DF92F /* Frameworks */ = {
			isa = PBXFrameworksBuildPhase;
			buildActionMask = 2147483647;
			files = (
			);
			runOnlyForDeploymentPostprocessing = 0;
		};
/* End PBXFrameworksBuildPhase section */

/* Begin PBXGroup section */
		E5DFF1A21980F99C006DF92F = {
			isa = PBXGroup;
			children = (
				E5DFF1B01980F99C006DF92F /* testGaleShapley on Xcode */,
				E5DFF1AE1980F99C006DF92F /* Products */,
			);
			sourceTree = "<group>";
		};
		E5DFF1AE1980F99C006DF92F /* Products */ = {
			isa = PBXGroup;
			children = (
				E5DFF1AD1980F99C006DF92F /* testGaleShapley on Xcode */,
			);
			name = Products;
			sourceTree = "<group>";
		};
		E5DFF1B01980F99C006DF92F /* testGaleShapley on Xcode */ = {
			isa = PBXGroup;
			children = (
				E5DFF1B11980F99C006DF92F /* main.cpp */,
				E5DFF1B31980F99C006DF92F /* testGaleShapley_on_Xcode.1 */,
			);
			path = "testGaleShapley on Xcode";
			sourceTree = "<group>";
		};
/* End PBXGroup section */

/* Begin PBXNativeTarget section */
		E5DFF1AC1980F99C006DF92F /* testGaleShapley on Xcode */ = {
			isa = PBXNativeTarget;
			buildConfigurationList = E5DFF1B71980F99C006DF92F /* Build configuration list for PBXNativeTarget "testGaleShapley on Xcode" */;
			buildPhases = (
				E5DFF1A91980F99C006DF92F /* Sources */,
				E5DFF1AA1980F99C006DF92F /* Frameworks */,
				E5DFF1AB1980F99C006DF92F /* CopyFiles */,
			);
			buildRules = (
			);
			dependencies = (
			);
			name = "testGaleShapley on Xcode";
			productName = "testGaleShapley on Xcode";
			productReference = E5DFF1AD1980F99C006DF92F /* testGaleShapley on Xcode */;
			productType = "com.apple.product-type.tool";
		};
/* End PBXNativeTarget section */

/* Begin PBXProject section */
		E5DFF1A41980F99C006DF92F /* Project object */ = {
			isa = PBXProject;
			buildConfigurationList = E5DFF1A71980F99C006DF92F /* Build configuration list for PBXProject "testGaleShapley on Xcode" */;
			compatibilityVersion = "Xcode 3.2";
			developmentRegion = English;
			hasScannedForEncodings = 0;
			knownRegions = (
				en,
			);
			mainGroup = E5DFF1A21980F99C006DF92F;
			productRefGroup = E5DFF1AE1980F99C006DF92F /* Products */;
			projectDirPath = "";
			projectRoot = "";
			targets = (
				E5DFF1AC1980F99C006DF92F /* testGaleShapley on Xcode */,
			);
		};
/* End PBXProject section */

/* Begin PBXSourcesBuildPhase section */
		E5DFF1A91980F99C006DF92F /* Sources */ = {
			isa = PBXSourcesBuildPhase;
			buildActionMask = 2147483647;
			files = (
				E5DFF1B21980F99C006DF92F /* main.cpp in Sources */,
			);
			runOnlyForDeploymentPostprocessing = 0;
		};
/* End PBXSourcesBuildPhase section */

/* Begin XCBuildConfiguration section */
		E5DFF1B51980F99C006DF92F /* Debug */ = {
			isa = XCBuildConfiguration;
			buildSettings = {
				ALWAYS_SEARCH_USER_PATHS = NO;
				ARCHS = "$(ARCHS_STANDARD_64_BIT)";
				COPY_PHASE_STRIP = NO;
				GCC_C_LANGUAGE_STANDARD = gnu99;
				GCC_DYNAMIC_NO_PIC = NO;
				GCC_ENABLE_OBJC_EXCEPTIONS = YES;
				GCC_OPTIMIZATION_LEVEL = 0;
				GCC_PREPROCESSOR_DEFINITIONS = (
					"DEBUG=1",
					"$(inherited)",
				);
				GCC_SYMBOLS_PRIVATE_EXTERN = NO;
				GCC_VERSION = com.apple.compilers.llvm.clang.1_0;
				GCC_WARN_64_TO_32_BIT_CONVERSION = YES;
				GCC_WARN_ABOUT_MISSING_PROTOTYPES = YES;
				GCC_WARN_ABOUT_RETURN_TYPE = YES;
				GCC_WARN_UNUSED_VARIABLE = YES;
				MACOSX_DEPLOYMENT_TARGET = 10.7;
				ONLY_ACTIVE_ARCH = YES;
				SDKROOT = macosx;
			};
			name = Debug;
		};
		E5DFF1B61980F99C006DF92F /* Release */ = {
			isa = XCBuildConfiguration;
			buildSettings = {
				ALWAYS_SEARCH_USER_PATHS = NO;
				ARCHS = "$(ARCHS_STANDARD_64_BIT)";
				COPY_PHASE_STRIP = YES;
				DEBUG_INFORMATION_FORMAT = "dwarf-with-dsym";
				GCC_C_LANGUAGE_STANDARD = gnu99;
				GCC_ENABLE_OBJC_EXCEPTIONS = YES;
				GCC_VERSION = com.apple.compilers.llvm.clang.1_0;
				GCC_WARN_64_TO_32_BIT_CONVERSION = YES;
				GCC_WARN_ABOUT_MISSING_PROTOTYPES = YES;
				GCC_WARN_ABOUT_RETURN_TYPE = YES;
				GCC_WARN_UNUSED_VARIABLE = YES;
				MACOSX_DEPLOYMENT_TARGET = 10.7;
				SDKROOT = macosx;
			};
			name = Release;
		};
		E5DFF1B81980F99C006DF92F /* Debug */ = {
			isa = XCBuildConfiguration;
			buildSettings = {
				PRODUCT_NAME = "$(TARGET_NAME)";
			};
			name = Debug;
		};
		E5DFF1B91980F99C006DF92F /* Release */ = {
			isa = XCBuildConfiguration;
			buildSettings = {
				PRODUCT_NAME = "$(TARGET_NAME)";
			};
			name = Release;
		};
/* End XCBuildConfiguration section */

/* Begin XCConfigurationList section */
		E5DFF1A71980F99C006DF92F /* Build configuration list for PBXProject "testGaleShapley on Xcode" */ = {
			isa = XCConfigurationList;
			buildConfigurations = (
				E5DFF1B51980F99C006DF92F /* Debug */,
				E5DFF1B61980F99C006DF92F /* Release */,
			);
			defaultConfigurationIsVisible = 0;
			defaultConfigurationName = Release;
		};
		E5DFF1B71980F99C006DF92F /* Build configuration list for PBXNativeTarget "testGaleShapley on Xcode" */ = {
			isa = XCConfigurationList;
			buildConfigurations = (
				E5DFF1B81980F99C006DF92F /* Debug */,
				E5DFF1B91980F99C006DF92F /* Release */,
			);
			defaultConfigurationIsVisible = 0;
		};
/* End XCConfigurationList section */
	};
	rootObject = E5DFF1A41980F99C006DF92F /* Project object */;
}
